<?xml version="1.0" encoding="utf-8"?>
<Project ToolsVersion="4.0" xmlns="http://schemas.microsoft.com/developer/msbuild/2003">
  <ItemGroup>
    <Filter Include="Source Files">
      <UniqueIdentifier>{4FC737F1-C7A5-4376-A066-2A32D752A2FF}</UniqueIdentifier>
      <Extensions>cpp;cxx;c;def</Extensions>
    </Filter>
    <Filter Include="Header Files">
      <UniqueIdentifier>{93995380-89BD-4b04-88EB-625FBE52EBFB}</UniqueIdentifier>
      <Extensions>h</Extensions>
    </Filter>
    <Filter Include="Form Files">
      <UniqueIdentifier>{99349809-55BA-4b9d-BF79-8FDBB0286EB3}</UniqueIdentifier>
      <Extensions>ui</Extensions>
    </Filter>
    <Filter Include="Resource Files">
      <UniqueIdentifier>{D9D6E242-F8AF-46E4-B9FD-80ECBC20BA3E}</UniqueIdentifier>
      <Extensions>qrc;*</Extensions>
      <ParseFiles>false</ParseFiles>
    </Filter>
    <Filter Include="Generated Files">
      <UniqueIdentifier>{71ED8ED8-ACB9-4CE9-BBE1-E00B30144E11}</UniqueIdentifier>
      <Extensions>moc;h;cpp</Extensions>
      <SourceControlFiles>False</SourceControlFiles>
    </Filter>
    <Filter Include="Generated Files\Debug">
      <UniqueIdentifier>{8fd5993b-9109-4aae-b672-87e5d1421172}</UniqueIdentifier>
      <Extensions>cpp;moc</Extensions>
      <SourceControlFiles>False</SourceControlFiles>
    </Filter>
    <Filter Include="Generated Files\Release">
      <UniqueIdentifier>{1520b778-517c-4c6d-9308-b9d54dff6716}</UniqueIdentifier>
      <Extensions>cpp;moc</Extensions>
      <SourceControlFiles>False</SourceControlFiles>
    </Filter>
    <Filter Include="Header Files\view">
      <UniqueIdentifier>{e7bc7fdf-d344-4816-9695-f3ca6721449b}</UniqueIdentifier>
    </Filter>
    <Filter Include="Source Files\view">
      <UniqueIdentifier>{848db2b2-6218-4b7d-8c56-ffea80199298}</UniqueIdentifier>
    </Filter>
    <Filter Include="Header Files\QHotkey">
      <UniqueIdentifier>{88469eeb-5fe8-4000-a1c9-5dd941a108d7}</UniqueIdentifier>
    </Filter>
    <Filter Include="Source Files\QHotkey">
      <UniqueIdentifier>{8918749a-03b9-4b91-8417-738096865ba9}</UniqueIdentifier>
    </Filter>
  </ItemGroup>
  <ItemGroup>
    <ClCompile Include="main.cpp">
      <Filter>Source Files</Filter>
    </ClCompile>
    <ClCompile Include="memecollector.cpp">
      <Filter>Source Files</Filter>
    </ClCompile>
    <ClCompile Include="GeneratedFiles\qrc_memecollector.cpp">
      <Filter>Generated Files</Filter>
    </ClCompile>
    <ClCompile Include="usermessage.cpp">
      <Filter>Source Files</Filter>
    </ClCompile>
    <ClCompile Include="ImageMIME.cpp">
      <Filter>Source Files</Filter>
    </ClCompile>
    <ClCompile Include="view\ImagesTableView.cpp">
      <Filter>Source Files\view</Filter>
    </ClCompile>
    <ClCompile Include="view\ImagesLoader.cpp">
      <Filter>Source Files\view</Filter>
    </ClCompile>
    <ClCompile Include="view\ImagesItemWidget.cpp">
      <Filter>Source Files\view</Filter>
    </ClCompile>
    <ClCompile Include="view\ImagesItemModel.cpp">
      <Filter>Source Files\view</Filter>
    </ClCompile>
    <ClCompile Include="view\ImagesItemDelegate.cpp">
      <Filter>Source Files\view</Filter>
    </ClCompile>
    <ClCompile Include="GeneratedFiles\Debug\moc_ImagesTableView.cpp">
      <Filter>Generated Files\Debug</Filter>
    </ClCompile>
    <ClCompile Include="GeneratedFiles\Release\moc_ImagesTableView.cpp">
      <Filter>Generated Files\Release</Filter>
    </ClCompile>
    <ClCompile Include="stdafx.cpp">
      <Filter>Source Files</Filter>
    </ClCompile>
    <ClCompile Include="GeneratedFiles\Debug\moc_ImagesItemWidget.cpp">
      <Filter>Generated Files\Debug</Filter>
    </ClCompile>
    <ClCompile Include="GeneratedFiles\Release\moc_ImagesItemWidget.cpp">
      <Filter>Generated Files\Release</Filter>
    </ClCompile>
    <ClCompile Include="GeneratedFiles\Debug\moc_ImagesItemDelegate.cpp">
      <Filter>Generated Files\Debug</Filter>
    </ClCompile>
    <ClCompile Include="GeneratedFiles\Release\moc_ImagesItemDelegate.cpp">
      <Filter>Generated Files\Release</Filter>
    </ClCompile>
    <ClCompile Include="GeneratedFiles\Debug\moc_ImagesItemModel.cpp">
      <Filter>Generated Files\Debug</Filter>
    </ClCompile>
    <ClCompile Include="GeneratedFiles\Release\moc_ImagesItemModel.cpp">
      <Filter>Generated Files\Release</Filter>
    </ClCompile>
    <ClCompile Include="GeneratedFiles\Debug\moc_ImagesLoader.cpp">
      <Filter>Generated Files\Debug</Filter>
    </ClCompile>
    <ClCompile Include="GeneratedFiles\Release\moc_ImagesLoader.cpp">
      <Filter>Generated Files\Release</Filter>
    </ClCompile>
    <ClCompile Include="ImageViewer.cpp">
      <Filter>Source Files</Filter>
    </ClCompile>
    <ClCompile Include="GeneratedFiles\Debug\moc_ImageViewer.cpp">
      <Filter>Generated Files\Debug</Filter>
    </ClCompile>
    <ClCompile Include="GeneratedFiles\Release\moc_ImageViewer.cpp">
      <Filter>Generated Files\Release</Filter>
    </ClCompile>
    <ClCompile Include="MemeCollectorApplication.cpp">
      <Filter>Source Files</Filter>
    </ClCompile>
    <ClCompile Include="GeneratedFiles\Debug\moc_MemeCollectorApplication.cpp">
      <Filter>Generated Files\Debug</Filter>
    </ClCompile>
    <ClCompile Include="GeneratedFiles\Release\moc_MemeCollectorApplication.cpp">
      <Filter>Generated Files\Release</Filter>
    </ClCompile>
    <ClCompile Include="QuickUrlWindow.cpp">
      <Filter>Source Files</Filter>
    </ClCompile>
    <ClCompile Include="GeneratedFiles\Debug\moc_QuickUrlWindow.cpp">
      <Filter>Generated Files\Debug</Filter>
    </ClCompile>
    <ClCompile Include="GeneratedFiles\Release\moc_QuickUrlWindow.cpp">
      <Filter>Generated Files\Release</Filter>
    </ClCompile>
    <ClCompile Include="QuickClipboardWindow.cpp">
      <Filter>Source Files</Filter>
    </ClCompile>
    <ClCompile Include="GeneratedFiles\Debug\moc_QuickClipboardWindow.cpp">
      <Filter>Generated Files\Debug</Filter>
    </ClCompile>
    <ClCompile Include="GeneratedFiles\Release\moc_QuickClipboardWindow.cpp">
      <Filter>Generated Files\Release</Filter>
    </ClCompile>
    <ClCompile Include="ProgramConfigDialog.cpp">
      <Filter>Source Files</Filter>
    </ClCompile>
    <ClCompile Include="GeneratedFiles\Debug\moc_ProgramConfigDialog.cpp">
      <Filter>Generated Files\Debug</Filter>
    </ClCompile>
    <ClCompile Include="GeneratedFiles\Release\moc_ProgramConfigDialog.cpp">
      <Filter>Generated Files\Release</Filter>
    </ClCompile>
    <ClCompile Include="ItemDialog.cpp">
      <Filter>Source Files</Filter>
    </ClCompile>
    <ClCompile Include="GeneratedFiles\Debug\moc_ItemDialog.cpp">
      <Filter>Generated Files\Debug</Filter>
    </ClCompile>
    <ClCompile Include="GeneratedFiles\Release\moc_ItemDialog.cpp">
      <Filter>Generated Files\Release</Filter>
    </ClCompile>
    <ClCompile Include="CachedImage.cpp">
      <Filter>Source Files</Filter>
    </ClCompile>
    <ClCompile Include="ImageCacheMap.cpp">
      <Filter>Source Files</Filter>
    </ClCompile>
    <ClCompile Include="Filenotifier.cpp">
      <Filter>Source Files</Filter>
    </ClCompile>
    <ClCompile Include="GeneratedFiles\Debug\moc_Filenotifier.cpp">
      <Filter>Generated Files\Debug</Filter>
    </ClCompile>
    <ClCompile Include="GeneratedFiles\Release\moc_Filenotifier.cpp">
      <Filter>Generated Files\Release</Filter>
    </ClCompile>
    <ClCompile Include="DeselectableTableWidget.cpp">
      <Filter>Source Files</Filter>
    </ClCompile>
    <ClCompile Include="QHotkey\qhotkey.cpp">
      <Filter>Source Files\QHotkey</Filter>
    </ClCompile>
    <ClCompile Include="QHotkey\qhotkey_win.cpp">
      <Filter>Source Files\QHotkey</Filter>
    </ClCompile>
    <ClCompile Include="GeneratedFiles\Debug\moc_qhotkey.cpp">
      <Filter>Generated Files\Debug</Filter>
    </ClCompile>
    <ClCompile Include="GeneratedFiles\Release\moc_qhotkey.cpp">
      <Filter>Generated Files\Release</Filter>
    </ClCompile>
    <ClCompile Include="GeneratedFiles\Debug\moc_qhotkey_p.cpp">
      <Filter>Generated Files\Debug</Filter>
    </ClCompile>
    <ClCompile Include="GeneratedFiles\Release\moc_qhotkey_p.cpp">
      <Filter>Generated Files\Release</Filter>
    </ClCompile>
    <ClCompile Include="GeneratedFiles\Debug\moc_memecollector.cpp">
      <Filter>Generated Files\Debug</Filter>
    </ClCompile>
    <ClCompile Include="GeneratedFiles\Release\moc_memecollector.cpp">
      <Filter>Generated Files\Release</Filter>
    </ClCompile>
  </ItemGroup>
  <ItemGroup>
    <CustomBuild Include="memecollector.ui">
      <Filter>Form Files</Filter>
    </CustomBuild>
    <CustomBuild Include="memecollector.qrc">
      <Filter>Resource Files</Filter>
    </CustomBuild>
    <CustomBuild Include="thumbnailview.ui">
      <Filter>Form Files</Filter>
    </CustomBuild>
    <CustomBuild Include="view\ImagesTableView.hpp">
      <Filter>Header Files\view</Filter>
    </CustomBuild>
    <CustomBuild Include="view\ImagesItemWidget.hpp">
      <Filter>Header Files\view</Filter>
    </CustomBuild>
    <CustomBuild Include="view\ImagesItemDelegate.hpp">
      <Filter>Header Files\view</Filter>
    </CustomBuild>
    <CustomBuild Include="view\ImagesItemModel.hpp">
      <Filter>Header Files\view</Filter>
    </CustomBuild>
    <CustomBuild Include="view\ImagesLoader.hpp">
      <Filter>Header Files\view</Filter>
    </CustomBuild>
    <CustomBuild Include="ImageViewer.hpp">
      <Filter>Header Files</Filter>
    </CustomBuild>
    <CustomBuild Include="ImageViewer.ui">
      <Filter>Form Files</Filter>
    </CustomBuild>
    <CustomBuild Include="MemeCollectorApplication.hpp">
      <Filter>Header Files</Filter>
    </CustomBuild>
    <CustomBuild Include="QuickUrlWindow.hpp">
      <Filter>Header Files</Filter>
    </CustomBuild>
    <CustomBuild Include="QuickUrlWindow.ui">
      <Filter>Form Files</Filter>
    </CustomBuild>
    <CustomBuild Include="QuickClipboardWindow.hpp">
      <Filter>Header Files</Filter>
    </CustomBuild>
    <CustomBuild Include="QuickClipboardWindow.ui">
      <Filter>Form Files</Filter>
    </CustomBuild>
    <CustomBuild Include="ProgramConfigDialog.hpp">
      <Filter>Header Files</Filter>
    </CustomBuild>
    <CustomBuild Include="ProgramConfigDialog.ui">
      <Filter>Form Files</Filter>
    </CustomBuild>
    <CustomBuild Include="ItemDialog.hpp">
      <Filter>Header Files</Filter>
    </CustomBuild>
    <CustomBuild Include="ItemDialog.ui">
      <Filter>Form Files</Filter>
    </CustomBuild>
    <CustomBuild Include="Filenotifier.hpp">
      <Filter>Header Files</Filter>
    </CustomBuild>
    <CustomBuild Include="QHotkey\qhotkey.h">
      <Filter>Header Files\QHotkey</Filter>
    </CustomBuild>
    <CustomBuild Include="QHotkey\qhotkey_p.h">
      <Filter>Header Files\QHotkey</Filter>
    </CustomBuild>
    <CustomBuild Include="memecollector.h">
      <Filter>Header Files</Filter>
    </CustomBuild>
  </ItemGroup>
  <ItemGroup>
    <ClInclude Include="GeneratedFiles\ui_memecollector.h">
      <Filter>Generated Files</Filter>
    </ClInclude>
    <ClInclude Include="usermessage.hpp">
      <Filter>Header Files</Filter>
    </ClInclude>
    <ClInclude Include="ImageMIME.hpp">
      <Filter>Header Files</Filter>
    </ClInclude>
    <ClInclude Include="resource.h">
      <Filter>Header Files</Filter>
    </ClInclude>
    <ClInclude Include="GeneratedFiles\ui_thumbnailview.h">
      <Filter>Generated Files</Filter>
    </ClInclude>
    <ClInclude Include="GeneratedFiles\ui_imageviewer.h">
      <Filter>Generated Files</Filter>
    </ClInclude>
    <ClInclude Include="GeneratedFiles\ui_imageviewer.h">
      <Filter>Header Files</Filter>
    </ClInclude>
    <ClInclude Include="GeneratedFiles\ui_imageviewer.h">
      <Filter>Header Files</Filter>
    </ClInclude>
    <ClInclude Include="stdafx.h">
      <Filter>Header Files</Filter>
    </ClInclude>
    <ClInclude Include="GeneratedFiles\ui_ImageViewer.h">
      <Filter>Generated Files</Filter>
    </ClInclude>
    <ClInclude Include="GeneratedFiles\ui_QuickUrlWindow.h">
      <Filter>Generated Files</Filter>
    </ClInclude>
    <ClInclude Include="GeneratedFiles\ui_QuickClipboardWindow.h">
      <Filter>Generated Files</Filter>
    </ClInclude>
    <ClInclude Include="GeneratedFiles\ui_ProgramConfigDialog.h">
      <Filter>Generated Files</Filter>
    </ClInclude>
    <ClInclude Include="GeneratedFiles\ui_ItemDialog.h">
      <Filter>Generated Files</Filter>
    </ClInclude>
    <ClInclude Include="CachedImage.hpp">
      <Filter>Header Files</Filter>
    </ClInclude>
    <ClInclude Include="ImageCacheMap.hpp">
      <Filter>Header Files</Filter>
    </ClInclude>
    <ClInclude Include="DeselectableTableWidget.hpp">
      <Filter>Header Files</Filter>
    </ClInclude>
  </ItemGroup>
  <ItemGroup>
    <ResourceCompile Include="MemeCollector.rc">
      <Filter>Resource Files</Filter>
    </ResourceCompile>
  </ItemGroup>
  <ItemGroup>
    <Image Include="ProgramIcon.ico">
      <Filter>Resource Files</Filter>
    </Image>
  </ItemGroup>
  <ItemGroup>
    <None Include="ClassDiagram.cd" />
  </ItemGroup>
</Project>